
Microsoft Visual Studio Solution File, Format Version 12.00
# Visual Studio Version 16
VisualStudioVersion = 16.0.31019.35
MinimumVisualStudioVersion = 10.0.40219.1
Project("{888888A0-9F3D-457C-B088-3A5042F75D52}") = "ResNet50BP", "ResNet50BP\ResNet50BP.pyproj", "{F145E2CF-39EF-4AD1-885D-75EE2EF20E67}"
EndProject
Project("{888888A0-9F3D-457C-B088-3A5042F75D52}") = "WordEmbeddings", "..\WordEmbeddings\WordEmbeddings.pyproj", "{B2968054-A445-4C09-89E9-D0832599A36E}"
EndProject
Global
	GlobalSection(SolutionConfigurationPlatforms) = preSolution
		Debug|Any CPU = Debug|Any CPU
		Release|Any CPU = Release|Any CPU
	EndGlobalSection
	GlobalSection(ProjectConfigurationPlatforms) = postSolution
		{F145E2CF-39EF-4AD1-885D-75EE2EF20E67}.Debug|Any CPU.ActiveCfg = Debug|Any CPU
		{F145E2CF-39EF-4AD1-885D-75EE2EF20E67}.Release|Any CPU.ActiveCfg = Release|Any CPU
		{B2968054-A445-4C09-89E9-D0832599A36E}.Debug|Any CPU.ActiveCfg = Debug|Any CPU
		{B2968054-A445-4C09-89E9-D0832599A36E}.Release|Any CPU.ActiveCfg = Release|Any CPU
	EndGlobalSection
	GlobalSection(SolutionProperties) = preSolution
		HideSolutionNode = FALSE
	EndGlobalSection
	GlobalSection(ExtensibilityGlobals) = postSolution
		SolutionGuid = {07A06C63-5821-4151-BC4F-C74DDD83BB11}
	EndGlobalSection
EndGlobal
